// !$*UTF8*$!
{
	archiveVersion = 1;
	classes = {
	};
	objectVersion = 46;
	objects = {

/* Begin PBXBuildFile section */
		C39E5271175BAEE1007E9DBD /* Foundation.framework in Frameworks */ = {isa = PBXBuildFile; fileRef = C39E5270175BAEE1007E9DBD /* Foundation.framework */; };
		C39E527C175BAEF7007E9DBD /* Foundation.framework in Frameworks */ = {isa = PBXBuildFile; fileRef = C39E5270175BAEE1007E9DBD /* Foundation.framework */; };
		C39E527D175BAF13007E9DBD /* Cocoa.framework in Frameworks */ = {isa = PBXBuildFile; fileRef = FD24745767086B740A4C9E2F /* Cocoa.framework */; };
		FD2471906465539AFAF6F506 /* NSImage+Resize.m in Sources */ = {isa = PBXBuildFile; fileRef = FD24741B67A053B1948DA5FF /* NSImage+Resize.m */; };
		FD2476D4D5B0068470010893 /* LarussoSTD.h in Headers */ = {isa = PBXBuildFile; fileRef = FD2471A58C1EF6D2B2439759 /* LarussoSTD.h */; };
		FD2478F373A61897C56AF44C /* NSImage+Resize.h in Headers */ = {isa = PBXBuildFile; fileRef = FD247B4FD53C93A7216EF354 /* NSImage+Resize.h */; };
		FD247EB57AB8D486E8A65E7D /* LarussoSTD.m in Sources */ = {isa = PBXBuildFile; fileRef = FD2470DAF622A7E1A9464BAE /* LarussoSTD.m */; };
/* End PBXBuildFile section */

/* Begin PBXContainerItemProxy section */
		C39E5282175BB44C007E9DBD /* PBXContainerItemProxy */ = {
			isa = PBXContainerItemProxy;
			containerPortal = C39E527E175BB44B007E9DBD /* larussoSTDTests.xcodeproj */;
			proxyType = 2;
			remoteGlobalIDString = C39E523C175B510F007E9DBD;
			remoteInfo = "OSX Tests";
		};
/* End PBXContainerItemProxy section */

/* Begin PBXCopyFilesBuildPhase section */
		C39E526D175BAEE1007E9DBD /* CopyFiles */ = {
			isa = PBXCopyFilesBuildPhase;
			buildActionMask = 2147483647;
			dstPath = "include/${PRODUCT_NAME}";
			dstSubfolderSpec = 16;
			files = (
			);
			runOnlyForDeploymentPostprocessing = 0;
		};
/* End PBXCopyFilesBuildPhase section */

/* Begin PBXFileReference section */
		C39E526F175BAEE1007E9DBD /* liblarussoSTDiOS.a */ = {isa = PBXFileReference; explicitFileType = archive.ar; includeInIndex = 0; path = liblarussoSTDiOS.a; sourceTree = BUILT_PRODUCTS_DIR; };
		C39E5270175BAEE1007E9DBD /* Foundation.framework */ = {isa = PBXFileReference; lastKnownFileType = wrapper.framework; name = Foundation.framework; path = System/Library/Frameworks/Foundation.framework; sourceTree = SDKROOT; };
		C39E5274175BAEE1007E9DBD /* LarussoSTDiOS-Prefix.pch */ = {isa = PBXFileReference; lastKnownFileType = sourcecode.c.h; name = "LarussoSTDiOS-Prefix.pch"; path = "LarussoSTDiOS/LarussoSTDiOS-Prefix.pch"; sourceTree = SOURCE_ROOT; };
		C39E527E175BB44B007E9DBD /* larussoSTDTests.xcodeproj */ = {isa = PBXFileReference; lastKnownFileType = "wrapper.pb-project"; name = larussoSTDTests.xcodeproj; path = Tests/larussoSTDTests.xcodeproj; sourceTree = "<group>"; };
		FD2470DAF622A7E1A9464BAE /* LarussoSTD.m */ = {isa = PBXFileReference; lastKnownFileType = sourcecode.c.objc; path = LarussoSTD.m; sourceTree = "<group>"; };
		FD2471A58C1EF6D2B2439759 /* LarussoSTD.h */ = {isa = PBXFileReference; lastKnownFileType = sourcecode.c.h; path = LarussoSTD.h; sourceTree = "<group>"; };
		FD24741B67A053B1948DA5FF /* NSImage+Resize.m */ = {isa = PBXFileReference; fileEncoding = 4; lastKnownFileType = sourcecode.c.objc; path = "NSImage+Resize.m"; sourceTree = "<group>"; };
		FD24745767086B740A4C9E2F /* Cocoa.framework */ = {isa = PBXFileReference; lastKnownFileType = wrapper.framework; name = Cocoa.framework; path = System/Library/Frameworks/Cocoa.framework; sourceTree = SDKROOT; };
		FD24757440B8D77DDEF6F1B4 /* .travis.yml */ = {isa = PBXFileReference; lastKnownFileType = file.yml; path = .travis.yml; sourceTree = "<group>"; };
		FD2476F16977BFEC094191FF /* larussoSTD.dylib */ = {isa = PBXFileReference; explicitFileType = "compiled.mach-o.dylib"; includeInIndex = 0; path = larussoSTD.dylib; sourceTree = BUILT_PRODUCTS_DIR; };
		FD247B4FD53C93A7216EF354 /* NSImage+Resize.h */ = {isa = PBXFileReference; fileEncoding = 4; lastKnownFileType = sourcecode.c.h; path = "NSImage+Resize.h"; sourceTree = "<group>"; };
		FD247C3EB3D76318E9E0777E /* LarussoSTD-Prefix.pch */ = {isa = PBXFileReference; lastKnownFileType = sourcecode.c.h; path = "LarussoSTD-Prefix.pch"; sourceTree = "<group>"; };
/* End PBXFileReference section */

/* Begin PBXFrameworksBuildPhase section */
		C39E526C175BAEE1007E9DBD /* Frameworks */ = {
			isa = PBXFrameworksBuildPhase;
			buildActionMask = 2147483647;
			files = (
				C39E5271175BAEE1007E9DBD /* Foundation.framework in Frameworks */,
			);
			runOnlyForDeploymentPostprocessing = 0;
		};
		FD24772653A30849E6E4F29D /* Frameworks */ = {
			isa = PBXFrameworksBuildPhase;
			buildActionMask = 2147483647;
			files = (
				C39E527D175BAF13007E9DBD /* Cocoa.framework in Frameworks */,
				C39E527C175BAEF7007E9DBD /* Foundation.framework in Frameworks */,
			);
			runOnlyForDeploymentPostprocessing = 0;
		};
/* End PBXFrameworksBuildPhase section */

/* Begin PBXGroup section */
		C39E527F175BB44B007E9DBD /* Products */ = {
			isa = PBXGroup;
			children = (
				C39E5283175BB44C007E9DBD /* OSX Tests.octest */,
			);
			name = Products;
			sourceTree = "<group>";
		};
		FD24721BF0FCC544E6113DD9 /* LarussoSTD */ = {
			isa = PBXGroup;
			children = (
				FD24723D885F1E8EF40F6493 /* Supporting Files */,
				FD2471A58C1EF6D2B2439759 /* LarussoSTD.h */,
				FD2470DAF622A7E1A9464BAE /* LarussoSTD.m */,
				FD24741B67A053B1948DA5FF /* NSImage+Resize.m */,
				FD247B4FD53C93A7216EF354 /* NSImage+Resize.h */,
			);
			path = LarussoSTD;
			sourceTree = "<group>";
		};
		FD24723D885F1E8EF40F6493 /* Supporting Files */ = {
			isa = PBXGroup;
			children = (
				C39E5274175BAEE1007E9DBD /* LarussoSTDiOS-Prefix.pch */,
				FD247C3EB3D76318E9E0777E /* LarussoSTD-Prefix.pch */,
			);
			name = "Supporting Files";
			sourceTree = "<group>";
		};
		FD247624BA48108696A6AFCB = {
			isa = PBXGroup;
			children = (
				C39E527E175BB44B007E9DBD /* larussoSTDTests.xcodeproj */,
				FD247BB6C562A45C6EBDFCAC /* Products */,
				FD247EF03CE712558754F4E9 /* Frameworks */,
				FD24721BF0FCC544E6113DD9 /* LarussoSTD */,
				FD24757440B8D77DDEF6F1B4 /* .travis.yml */,
			);
			sourceTree = "<group>";
		};
		FD247BB6C562A45C6EBDFCAC /* Products */ = {
			isa = PBXGroup;
			children = (
				FD2476F16977BFEC094191FF /* larussoSTD.dylib */,
				C39E526F175BAEE1007E9DBD /* liblarussoSTDiOS.a */,
			);
			name = Products;
			sourceTree = "<group>";
		};
		FD247EF03CE712558754F4E9 /* Frameworks */ = {
			isa = PBXGroup;
			children = (
				FD24745767086B740A4C9E2F /* Cocoa.framework */,
				C39E5270175BAEE1007E9DBD /* Foundation.framework */,
			);
			name = Frameworks;
			sourceTree = "<group>";
		};
/* End PBXGroup section */

/* Begin PBXHeadersBuildPhase section */
		FD247F1AA33A22DBFFD7C727 /* Headers */ = {
			isa = PBXHeadersBuildPhase;
			buildActionMask = 2147483647;
			files = (
				FD2476D4D5B0068470010893 /* LarussoSTD.h in Headers */,
				FD2478F373A61897C56AF44C /* NSImage+Resize.h in Headers */,
			);
			runOnlyForDeploymentPostprocessing = 0;
		};
/* End PBXHeadersBuildPhase section */

/* Begin PBXNativeTarget section */
		C39E526E175BAEE1007E9DBD /* larussoSTDiOS */ = {
			isa = PBXNativeTarget;
			buildConfigurationList = C39E5279175BAEE1007E9DBD /* Build configuration list for PBXNativeTarget "larussoSTDiOS" */;
			buildPhases = (
				C39E526B175BAEE1007E9DBD /* Sources */,
				C39E526C175BAEE1007E9DBD /* Frameworks */,
				C39E526D175BAEE1007E9DBD /* CopyFiles */,
			);
			buildRules = (
			);
			dependencies = (
			);
			name = larussoSTDiOS;
			productName = LarussoSTDiOS;
			productReference = C39E526F175BAEE1007E9DBD /* liblarussoSTDiOS.a */;
			productType = "com.apple.product-type.library.static";
		};
		FD247E350C2591186D0168EA /* larussoSTD */ = {
			isa = PBXNativeTarget;
			buildConfigurationList = FD2478F3F2C29B17B43B6B83 /* Build configuration list for PBXNativeTarget "larussoSTD" */;
			buildPhases = (
				FD247F1AA33A22DBFFD7C727 /* Headers */,
				FD247E2E59AB9BCD1C256FCA /* Sources */,
				FD24772653A30849E6E4F29D /* Frameworks */,
			);
			buildRules = (
			);
			dependencies = (
			);
			name = larussoSTD;
			productName = LarussoSTD;
			productReference = FD2476F16977BFEC094191FF /* larussoSTD.dylib */;
			productType = "com.apple.product-type.library.dynamic";
		};
/* End PBXNativeTarget section */

/* Begin PBXProject section */
		FD247D72CB3CC4FEC55E39BD /* Project object */ = {
			isa = PBXProject;
			attributes = {
				LastUpgradeCheck = 0460;
				ORGANIZATIONNAME = larusso;
			};
			buildConfigurationList = FD24735DFE533DA62B656D51 /* Build configuration list for PBXProject "larussoSTD" */;
			compatibilityVersion = "Xcode 3.2";
			developmentRegion = English;
			hasScannedForEncodings = 0;
			knownRegions = (
				en,
			);
			mainGroup = FD247624BA48108696A6AFCB;
			productRefGroup = FD247BB6C562A45C6EBDFCAC /* Products */;
			projectDirPath = "";
			projectReferences = (
				{
					ProductGroup = C39E527F175BB44B007E9DBD /* Products */;
					ProjectRef = C39E527E175BB44B007E9DBD /* larussoSTDTests.xcodeproj */;
				},
			);
			projectRoot = "";
			targets = (
				FD247E350C2591186D0168EA /* larussoSTD */,
				C39E526E175BAEE1007E9DBD /* larussoSTDiOS */,
			);
		};
/* End PBXProject section */

/* Begin PBXReferenceProxy section */
		C39E5283175BB44C007E9DBD /* OSX Tests.octest */ = {
			isa = PBXReferenceProxy;
			fileType = wrapper.cfbundle;
			path = "OSX Tests.octest";
			remoteRef = C39E5282175BB44C007E9DBD /* PBXContainerItemProxy */;
			sourceTree = BUILT_PRODUCTS_DIR;
		};
/* End PBXReferenceProxy section */

/* Begin PBXSourcesBuildPhase section */
		C39E526B175BAEE1007E9DBD /* Sources */ = {
			isa = PBXSourcesBuildPhase;
			buildActionMask = 2147483647;
			files = (
			);
			runOnlyForDeploymentPostprocessing = 0;
		};
		FD247E2E59AB9BCD1C256FCA /* Sources */ = {
			isa = PBXSourcesBuildPhase;
			buildActionMask = 2147483647;
			files = (
				FD247EB57AB8D486E8A65E7D /* LarussoSTD.m in Sources */,
				FD2471906465539AFAF6F506 /* NSImage+Resize.m in Sources */,
			);
			runOnlyForDeploymentPostprocessing = 0;
		};
/* End PBXSourcesBuildPhase section */

/* Begin XCBuildConfiguration section */
		C39E527A175BAEE1007E9DBD /* Release */ = {
			isa = XCBuildConfiguration;
			buildSettings = {
				DSTROOT = /tmp/LarussoSTDiOS.dst;
				GCC_PRECOMPILE_PREFIX_HEADER = YES;
				GCC_PREFIX_HEADER = "LarussoSTD/LarussoSTDiOS-Prefix.pch";
				IPHONEOS_DEPLOYMENT_TARGET = 6.1;
				OTHER_LDFLAGS = "-ObjC";
				PRODUCT_NAME = "$(TARGET_NAME)";
				SDKROOT = iphoneos;
				SKIP_INSTALL = YES;
				VALIDATE_PRODUCT = YES;
			};
			name = Release;
		};
		C39E527B175BAEE1007E9DBD /* Debug */ = {
			isa = XCBuildConfiguration;
			buildSettings = {
				DSTROOT = /tmp/LarussoSTDiOS.dst;
				GCC_PRECOMPILE_PREFIX_HEADER = YES;
				GCC_PREFIX_HEADER = "LarussoSTD/LarussoSTDiOS-Prefix.pch";
				IPHONEOS_DEPLOYMENT_TARGET = 6.1;
				OTHER_LDFLAGS = "-ObjC";
				PRODUCT_NAME = "$(TARGET_NAME)";
				SDKROOT = iphoneos;
				SKIP_INSTALL = YES;
			};
			name = Debug;
		};
		FD247463B6ACB3A02AC6EAB8 /* Debug */ = {
			isa = XCBuildConfiguration;
			buildSettings = {
				ALWAYS_SEARCH_USER_PATHS = NO;
				ARCHS = "$(ARCHS_STANDARD_64_BIT)";
				CLANG_CXX_LANGUAGE_STANDARD = "gnu++0x";
				CLANG_CXX_LIBRARY = "libc++";
				CLANG_ENABLE_OBJC_ARC = YES;
				CLANG_WARN_CONSTANT_CONVERSION = YES;
				CLANG_WARN_EMPTY_BODY = YES;
				CLANG_WARN_ENUM_CONVERSION = YES;
				CLANG_WARN_INT_CONVERSION = YES;
				CLANG_WARN__DUPLICATE_METHOD_MATCH = YES;
				COPY_PHASE_STRIP = NO;
				GCC_C_LANGUAGE_STANDARD = gnu99;
				GCC_DYNAMIC_NO_PIC = NO;
				GCC_ENABLE_OBJC_EXCEPTIONS = YES;
				GCC_OPTIMIZATION_LEVEL = 0;
				GCC_PREPROCESSOR_DEFINITIONS = (
					"DEBUG=1",
					"$(inherited)",
				);
				GCC_SYMBOLS_PRIVATE_EXTERN = NO;
				GCC_WARN_64_TO_32_BIT_CONVERSION = YES;
				GCC_WARN_ABOUT_RETURN_TYPE = YES;
				GCC_WARN_UNINITIALIZED_AUTOS = YES;
				GCC_WARN_UNUSED_VARIABLE = YES;
				MACOSX_DEPLOYMENT_TARGET = 10.8;
				ONLY_ACTIVE_ARCH = YES;
				SDKROOT = macosx;
			};
			name = Debug;
		};
		FD247538797451EA0B30DA8E /* Release */ = {
			isa = XCBuildConfiguration;
			buildSettings = {
				ALWAYS_SEARCH_USER_PATHS = NO;
				ARCHS = "$(ARCHS_STANDARD_64_BIT)";
				CLANG_CXX_LANGUAGE_STANDARD = "gnu++0x";
				CLANG_CXX_LIBRARY = "libc++";
				CLANG_ENABLE_OBJC_ARC = YES;
				CLANG_WARN_CONSTANT_CONVERSION = YES;
				CLANG_WARN_EMPTY_BODY = YES;
				CLANG_WARN_ENUM_CONVERSION = YES;
				CLANG_WARN_INT_CONVERSION = YES;
				CLANG_WARN__DUPLICATE_METHOD_MATCH = YES;
				COPY_PHASE_STRIP = YES;
				DEBUG_INFORMATION_FORMAT = "dwarf-with-dsym";
				GCC_C_LANGUAGE_STANDARD = gnu99;
				GCC_ENABLE_OBJC_EXCEPTIONS = YES;
				GCC_WARN_64_TO_32_BIT_CONVERSION = YES;
				GCC_WARN_ABOUT_RETURN_TYPE = YES;
				GCC_WARN_UNINITIALIZED_AUTOS = YES;
				GCC_WARN_UNUSED_VARIABLE = YES;
				MACOSX_DEPLOYMENT_TARGET = 10.8;
				SDKROOT = macosx;
			};
			name = Release;
		};
		FD247BD6F4F5DF4C54B7DEFE /* Release */ = {
			isa = XCBuildConfiguration;
			buildSettings = {
				COMBINE_HIDPI_IMAGES = YES;
				DYLIB_COMPATIBILITY_VERSION = 1;
				DYLIB_CURRENT_VERSION = 1;
				GCC_PRECOMPILE_PREFIX_HEADER = YES;
				GCC_PREFIX_HEADER = "LarussoSTD/LarussoSTD-Prefix.pch";
				PRODUCT_NAME = larussoSTD;
				VERSION_INFO_FILE = "$(PRODUCT_NAME)";
			};
			name = Release;
		};
		FD247C44381A2EFAA0B2D8D3 /* Debug */ = {
			isa = XCBuildConfiguration;
			buildSettings = {
				COMBINE_HIDPI_IMAGES = YES;
				DYLIB_COMPATIBILITY_VERSION = 1;
				DYLIB_CURRENT_VERSION = 1;
				GCC_PRECOMPILE_PREFIX_HEADER = YES;
				GCC_PREFIX_HEADER = "LarussoSTD/LarussoSTD-Prefix.pch";
				PRODUCT_NAME = larussoSTD;
				VERSION_INFO_FILE = "$(PRODUCT_NAME)";
			};
			name = Debug;
		};
/* End XCBuildConfiguration section */

/* Begin XCConfigurationList section */
		C39E5279175BAEE1007E9DBD /* Build configuration list for PBXNativeTarget "larussoSTDiOS" */ = {
			isa = XCConfigurationList;
			buildConfigurations = (
				C39E527A175BAEE1007E9DBD /* Release */,
				C39E527B175BAEE1007E9DBD /* Debug */,
			);
			defaultConfigurationIsVisible = 0;
		};
		FD24735DFE533DA62B656D51 /* Build configuration list for PBXProject "larussoSTD" */ = {
			isa = XCConfigurationList;
			buildConfigurations = (
				FD247538797451EA0B30DA8E /* Release */,
				FD247463B6ACB3A02AC6EAB8 /* Debug */,
			);
			defaultConfigurationIsVisible = 0;
			defaultConfigurationName = Release;
		};
		FD2478F3F2C29B17B43B6B83 /* Build configuration list for PBXNativeTarget "larussoSTD" */ = {
			isa = XCConfigurationList;
			buildConfigurations = (
				FD247BD6F4F5DF4C54B7DEFE /* Release */,
				FD247C44381A2EFAA0B2D8D3 /* Debug */,
			);
			defaultConfigurationIsVisible = 0;
			defaultConfigurationName = Release;
		};
/* End XCConfigurationList section */
	};
	rootObject = FD247D72CB3CC4FEC55E39BD /* Project object */;
}
